// !$*UTF8*$!
{
	archiveVersion = 1;
	classes = {
	};
	objectVersion = 46;
	objects = {

/* Begin PBXBuildFile section */
		3221E91C1DACD29000CD7C59 /* main.m in Sources */ = {isa = PBXBuildFile; fileRef = 3221E91B1DACD29000CD7C59 /* main.m */; };
		3221E9361DACDA2700CD7C59 /* .gitignore in Resources */ = {isa = PBXBuildFile; fileRef = 3221E9351DACDA2700CD7C59 /* .gitignore */; };
		3225E60C1FE2C515008F5531 /* DGContenUnderKeyboardViewController.m in Sources */ = {isa = PBXBuildFile; fileRef = 3225E6081FE2C515008F5531 /* DGContenUnderKeyboardViewController.m */; };
		3225E60D1FE2C515008F5531 /* DGTableViewController.m in Sources */ = {isa = PBXBuildFile; fileRef = 3225E60A1FE2C515008F5531 /* DGTableViewController.m */; };
		3225E60E1FE2C515008F5531 /* AppDelegate.m in Sources */ = {isa = PBXBuildFile; fileRef = 3225E60B1FE2C515008F5531 /* AppDelegate.m */; };
		3225E6171FE2C551008F5531 /* LaunchScreen.storyboard in Resources */ = {isa = PBXBuildFile; fileRef = 3225E6111FE2C551008F5531 /* LaunchScreen.storyboard */; };
		3225E6181FE2C551008F5531 /* Main.storyboard in Resources */ = {isa = PBXBuildFile; fileRef = 3225E6131FE2C551008F5531 /* Main.storyboard */; };
		3225E6191FE2C551008F5531 /* DGContenUnderKeyboardViewController.xib in Resources */ = {isa = PBXBuildFile; fileRef = 3225E6161FE2C551008F5531 /* DGContenUnderKeyboardViewController.xib */; };
		3225E61C1FE2C577008F5531 /* Assets.xcassets in Resources */ = {isa = PBXBuildFile; fileRef = 3225E61B1FE2C577008F5531 /* Assets.xcassets */; };
/* End PBXBuildFile section */

/* Begin PBXFileReference section */
		3221E9171DACD29000CD7C59 /* DGTemplates.app */ = {isa = PBXFileReference; explicitFileType = wrapper.application; includeInIndex = 0; path = DGTemplates.app; sourceTree = BUILT_PRODUCTS_DIR; };
		3221E91B1DACD29000CD7C59 /* main.m */ = {isa = PBXFileReference; lastKnownFileType = sourcecode.c.objc; path = main.m; sourceTree = "<group>"; };
		3221E92B1DACD29000CD7C59 /* Info.plist */ = {isa = PBXFileReference; lastKnownFileType = text.plist.xml; path = Info.plist; sourceTree = "<group>"; };
		3221E9351DACDA2700CD7C59 /* .gitignore */ = {isa = PBXFileReference; fileEncoding = 4; lastKnownFileType = text; path = .gitignore; sourceTree = "<group>"; };
		3225E6051FE2C515008F5531 /* AppDelegate.h */ = {isa = PBXFileReference; fileEncoding = 4; lastKnownFileType = sourcecode.c.h; path = AppDelegate.h; sourceTree = "<group>"; };
		3225E6071FE2C515008F5531 /* DGContenUnderKeyboardViewController.h */ = {isa = PBXFileReference; fileEncoding = 4; lastKnownFileType = sourcecode.c.h; path = DGContenUnderKeyboardViewController.h; sourceTree = "<group>"; };
		3225E6081FE2C515008F5531 /* DGContenUnderKeyboardViewController.m */ = {isa = PBXFileReference; fileEncoding = 4; lastKnownFileType = sourcecode.c.objc; path = DGContenUnderKeyboardViewController.m; sourceTree = "<group>"; };
		3225E6091FE2C515008F5531 /* DGTableViewController.h */ = {isa = PBXFileReference; fileEncoding = 4; lastKnownFileType = sourcecode.c.h; path = DGTableViewController.h; sourceTree = "<group>"; };
		3225E60A1FE2C515008F5531 /* DGTableViewController.m */ = {isa = PBXFileReference; fileEncoding = 4; lastKnownFileType = sourcecode.c.objc; path = DGTableViewController.m; sourceTree = "<group>"; };
		3225E60B1FE2C515008F5531 /* AppDelegate.m */ = {isa = PBXFileReference; fileEncoding = 4; lastKnownFileType = sourcecode.c.objc; path = AppDelegate.m; sourceTree = "<group>"; };
		3225E6121FE2C551008F5531 /* Base */ = {isa = PBXFileReference; lastKnownFileType = file.storyboard; name = Base; path = Base.lproj/LaunchScreen.storyboard; sourceTree = "<group>"; };
		3225E6141FE2C551008F5531 /* Base */ = {isa = PBXFileReference; lastKnownFileType = file.storyboard; name = Base; path = Base.lproj/Main.storyboard; sourceTree = "<group>"; };
		3225E6161FE2C551008F5531 /* DGContenUnderKeyboardViewController.xib */ = {isa = PBXFileReference; fileEncoding = 4; lastKnownFileType = file.xib; path = DGContenUnderKeyboardViewController.xib; sourceTree = "<group>"; };
		3225E61B1FE2C577008F5531 /* Assets.xcassets */ = {isa = PBXFileReference; lastKnownFileType = folder.assetcatalog; path = Assets.xcassets; sourceTree = "<group>"; };
/* End PBXFileReference section */

/* Begin PBXFrameworksBuildPhase section */
		3221E9141DACD29000CD7C59 /* Frameworks */ = {
			isa = PBXFrameworksBuildPhase;
			buildActionMask = 2147483647;
			files = (
			);
			runOnlyForDeploymentPostprocessing = 0;
		};
/* End PBXFrameworksBuildPhase section */

/* Begin PBXGroup section */
		3221E90E1DACD29000CD7C59 = {
			isa = PBXGroup;
			children = (
				3221E9351DACDA2700CD7C59 /* .gitignore */,
				3221E9191DACD29000CD7C59 /* DGTemplates */,
				3221E9181DACD29000CD7C59 /* Products */,
			);
			sourceTree = "<group>";
		};
		3221E9181DACD29000CD7C59 /* Products */ = {
			isa = PBXGroup;
			children = (
				3221E9171DACD29000CD7C59 /* DGTemplates.app */,
			);
			name = Products;
			sourceTree = "<group>";
		};
		3221E9191DACD29000CD7C59 /* DGTemplates */ = {
			isa = PBXGroup;
			children = (
				3225E6041FE2C4E2008F5531 /* Classes */,
				3225E61A1FE2C561008F5531 /* Resources */,
				3221E91A1DACD29000CD7C59 /* Supporting Files */,
			);
			path = DGTemplates;
			sourceTree = "<group>";
		};
		3221E91A1DACD29000CD7C59 /* Supporting Files */ = {
			isa = PBXGroup;
			children = (
				3221E92B1DACD29000CD7C59 /* Info.plist */,
				3221E91B1DACD29000CD7C59 /* main.m */,
			);
			name = "Supporting Files";
			sourceTree = "<group>";
		};
		3225E6041FE2C4E2008F5531 /* Classes */ = {
			isa = PBXGroup;
			children = (
				3225E6051FE2C515008F5531 /* AppDelegate.h */,
				3225E60B1FE2C515008F5531 /* AppDelegate.m */,
				3225E6061FE2C515008F5531 /* ViewControllers */,
				3225E60F1FE2C551008F5531 /* UI */,
			);
			path = Classes;
			sourceTree = "<group>";
		};
		3225E6061FE2C515008F5531 /* ViewControllers */ = {
			isa = PBXGroup;
			children = (
				3225E6071FE2C515008F5531 /* DGContenUnderKeyboardViewController.h */,
				3225E6081FE2C515008F5531 /* DGContenUnderKeyboardViewController.m */,
				3225E6091FE2C515008F5531 /* DGTableViewController.h */,
				3225E60A1FE2C515008F5531 /* DGTableViewController.m */,
			);
			path = ViewControllers;
			sourceTree = "<group>";
		};
		3225E60F1FE2C551008F5531 /* UI */ = {
			isa = PBXGroup;
			children = (
				3225E6101FE2C551008F5531 /* Storyboards */,
				3225E6151FE2C551008F5531 /* XIBs */,
			);
			path = UI;
			sourceTree = "<group>";
		};
		3225E6101FE2C551008F5531 /* Storyboards */ = {
			isa = PBXGroup;
			children = (
				3225E6111FE2C551008F5531 /* LaunchScreen.storyboard */,
				3225E6131FE2C551008F5531 /* Main.storyboard */,
			);
			path = Storyboards;
			sourceTree = "<group>";
		};
		3225E6151FE2C551008F5531 /* XIBs */ = {
			isa = PBXGroup;
			children = (
				3225E6161FE2C551008F5531 /* DGContenUnderKeyboardViewController.xib */,
			);
			path = XIBs;
			sourceTree = "<group>";
		};
		3225E61A1FE2C561008F5531 /* Resources */ = {
			isa = PBXGroup;
			children = (
				3225E61B1FE2C577008F5531 /* Assets.xcassets */,
			);
			path = Resources;
			sourceTree = "<group>";
		};
/* End PBXGroup section */

/* Begin PBXNativeTarget section */
		3221E9161DACD29000CD7C59 /* DGTemplates */ = {
			isa = PBXNativeTarget;
			buildConfigurationList = 3221E92E1DACD29000CD7C59 /* Build configuration list for PBXNativeTarget "DGTemplates" */;
			buildPhases = (
				3221E9131DACD29000CD7C59 /* Sources */,
				3221E9141DACD29000CD7C59 /* Frameworks */,
				3221E9151DACD29000CD7C59 /* Resources */,
			);
			buildRules = (
			);
			dependencies = (
			);
			name = DGTemplates;
			productName = DGTemplates;
			productReference = 3221E9171DACD29000CD7C59 /* DGTemplates.app */;
			productType = "com.apple.product-type.application";
		};
/* End PBXNativeTarget section */

/* Begin PBXProject section */
		3221E90F1DACD29000CD7C59 /* Project object */ = {
			isa = PBXProject;
			attributes = {
				CLASSPREFIX = DG;
				LastUpgradeCheck = 0800;
				TargetAttributes = {
					3221E9161DACD29000CD7C59 = {
						CreatedOnToolsVersion = 8.0;
						DevelopmentTeam = MQULN386ZC;
						ProvisioningStyle = Automatic;
					};
				};
			};
			buildConfigurationList = 3221E9121DACD29000CD7C59 /* Build configuration list for PBXProject "DGTemplates" */;
			compatibilityVersion = "Xcode 3.2";
			developmentRegion = English;
			hasScannedForEncodings = 0;
			knownRegions = (
				en,
				Base,
			);
			mainGroup = 3221E90E1DACD29000CD7C59;
			productRefGroup = 3221E9181DACD29000CD7C59 /* Products */;
			projectDirPath = "";
			projectRoot = "";
			targets = (
				3221E9161DACD29000CD7C59 /* DGTemplates */,
			);
		};
/* End PBXProject section */

/* Begin PBXResourcesBuildPhase section */
		3221E9151DACD29000CD7C59 /* Resources */ = {
			isa = PBXResourcesBuildPhase;
			buildActionMask = 2147483647;
			files = (
				3225E6171FE2C551008F5531 /* LaunchScreen.storyboard in Resources */,
				3221E9361DACDA2700CD7C59 /* .gitignore in Resources */,
				3225E6191FE2C551008F5531 /* DGContenUnderKeyboardViewController.xib in Resources */,
				3225E6181FE2C551008F5531 /* Main.storyboard in Resources */,
				3225E61C1FE2C577008F5531 /* Assets.xcassets in Resources */,
			);
			runOnlyForDeploymentPostprocessing = 0;
		};
/* End PBXResourcesBuildPhase section */

/* Begin PBXSourcesBuildPhase section */
		3221E9131DACD29000CD7C59 /* Sources */ = {
			isa = PBXSourcesBuildPhase;
			buildActionMask = 2147483647;
			files = (
				3225E60D1FE2C515008F5531 /* DGTableViewController.m in Sources */,
				3225E60C1FE2C515008F5531 /* DGContenUnderKeyboardViewController.m in Sources */,
				3221E91C1DACD29000CD7C59 /* main.m in Sources */,
				3225E60E1FE2C515008F5531 /* AppDelegate.m in Sources */,
			);
			runOnlyForDeploymentPostprocessing = 0;
		};
/* End PBXSourcesBuildPhase section */

/* Begin PBXVariantGroup section */
		3225E6111FE2C551008F5531 /* LaunchScreen.storyboard */ = {
			isa = PBXVariantGroup;
			children = (
				3225E6121FE2C551008F5531 /* Base */,
			);
			name = LaunchScreen.storyboard;
			sourceTree = "<group>";
		};
		3225E6131FE2C551008F5531 /* Main.storyboard */ = {
			isa = PBXVariantGroup;
			children = (
				3225E6141FE2C551008F5531 /* Base */,
			);
			name = Main.storyboard;
			sourceTree = "<group>";
		};
/* End PBXVariantGroup section */

/* Begin XCBuildConfiguration section */
		3221E92C1DACD29000CD7C59 /* Debug */ = {
			isa = XCBuildConfiguration;
			buildSettings = {
				ALWAYS_SEARCH_USER_PATHS = NO;
				CLANG_ANALYZER_NONNULL = YES;
				CLANG_CXX_LANGUAGE_STANDARD = "gnu++0x";
				CLANG_CXX_LIBRARY = "libc++";
				CLANG_ENABLE_MODULES = YES;
				CLANG_ENABLE_OBJC_ARC = YES;
				CLANG_WARN_BOOL_CONVERSION = YES;
				CLANG_WARN_CONSTANT_CONVERSION = YES;
				CLANG_WARN_DIRECT_OBJC_ISA_USAGE = YES_ERROR;
				CLANG_WARN_DOCUMENTATION_COMMENTS = YES;
				CLANG_WARN_EMPTY_BODY = YES;
				CLANG_WARN_ENUM_CONVERSION = YES;
				CLANG_WARN_INFINITE_RECURSION = YES;
				CLANG_WARN_INT_CONVERSION = YES;
				CLANG_WARN_OBJC_ROOT_CLASS = YES_ERROR;
				CLANG_WARN_SUSPICIOUS_MOVES = YES;
				CLANG_WARN_UNREACHABLE_CODE = YES;
				CLANG_WARN__DUPLICATE_METHOD_MATCH = YES;
				"CODE_SIGN_IDENTITY[sdk=iphoneos*]" = "iPhone Developer";
				COPY_PHASE_STRIP = NO;
				DEBUG_INFORMATION_FORMAT = dwarf;
				ENABLE_STRICT_OBJC_MSGSEND = YES;
				ENABLE_TESTABILITY = YES;
				GCC_C_LANGUAGE_STANDARD = gnu99;
				GCC_DYNAMIC_NO_PIC = NO;
				GCC_NO_COMMON_BLOCKS = YES;
				GCC_OPTIMIZATION_LEVEL = 0;
				GCC_PREPROCESSOR_DEFINITIONS = (
					"DEBUG=1",
					"$(inherited)",
				);
				GCC_WARN_64_TO_32_BIT_CONVERSION = YES;
				GCC_WARN_ABOUT_RETURN_TYPE = YES_ERROR;
				GCC_WARN_UNDECLARED_SELECTOR = YES;
				GCC_WARN_UNINITIALIZED_AUTOS = YES_AGGRESSIVE;
				GCC_WARN_UNUSED_FUNCTION = YES;
				GCC_WARN_UNUSED_VARIABLE = YES;
				IPHONEOS_DEPLOYMENT_TARGET = 10.0;
				MTL_ENABLE_DEBUG_INFO = YES;
				ONLY_ACTIVE_ARCH = YES;
				SDKROOT = iphoneos;
			};
			name = Debug;
		};
		3221E92D1DACD29000CD7C59 /* Release */ = {
			isa = XCBuildConfiguration;
			buildSettings = {
				ALWAYS_SEARCH_USER_PATHS = NO;
				CLANG_ANALYZER_NONNULL = YES;
				CLANG_CXX_LANGUAGE_STANDARD = "gnu++0x";
				CLANG_CXX_LIBRARY = "libc++";
				CLANG_ENABLE_MODULES = YES;
				CLANG_ENABLE_OBJC_ARC = YES;
				CLANG_WARN_BOOL_CONVERSION = YES;
				CLANG_WARN_CONSTANT_CONVERSION = YES;
				CLANG_WARN_DIRECT_OBJC_ISA_USAGE = YES_ERROR;
				CLANG_WARN_DOCUMENTATION_COMMENTS = YES;
				CLANG_WARN_EMPTY_BODY = YES;
				CLANG_WARN_ENUM_CONVERSION = YES;
				CLANG_WARN_INFINITE_RECURSION = YES;
				CLANG_WARN_INT_CONVERSION = YES;
				CLANG_WARN_OBJC_ROOT_CLASS = YES_ERROR;
				CLANG_WARN_SUSPICIOUS_MOVES = YES;
				CLANG_WARN_UNREACHABLE_CODE = YES;
				CLANG_WARN__DUPLICATE_METHOD_MATCH = YES;
				"CODE_SIGN_IDENTITY[sdk=iphoneos*]" = "iPhone Developer";
				COPY_PHASE_STRIP = NO;
				DEBUG_INFORMATION_FORMAT = "dwarf-with-dsym";
				ENABLE_NS_ASSERTIONS = NO;
				ENABLE_STRICT_OBJC_MSGSEND = YES;
				GCC_C_LANGUAGE_STANDARD = gnu99;
				GCC_NO_COMMON_BLOCKS = YES;
				GCC_WARN_64_TO_32_BIT_CONVERSION = YES;
				GCC_WARN_ABOUT_RETURN_TYPE = YES_ERROR;
				GCC_WARN_UNDECLARED_SELECTOR = YES;
				GCC_WARN_UNINITIALIZED_AUTOS = YES_AGGRESSIVE;
				GCC_WARN_UNUSED_FUNCTION = YES;
				GCC_WARN_UNUSED_VARIABLE = YES;
				IPHONEOS_DEPLOYMENT_TARGET = 10.0;
				MTL_ENABLE_DEBUG_INFO = NO;
				SDKROOT = iphoneos;
				VALIDATE_PRODUCT = YES;
			};
			name = Release;
		};
		3221E92F1DACD29000CD7C59 /* Debug */ = {
			isa = XCBuildConfiguration;
			buildSettings = {
				ASSETCATALOG_COMPILER_APPICON_NAME = AppIcon;
				DEVELOPMENT_TEAM = MQULN386ZC;
				INFOPLIST_FILE = DGTemplates/Info.plist;
				LD_RUNPATH_SEARCH_PATHS = "$(inherited) @executable_path/Frameworks";
				PRODUCT_BUNDLE_IDENTIFIER = com.dengladyshev.DGTemplates;
				PRODUCT_NAME = "$(TARGET_NAME)";
			};
			name = Debug;
		};
		3221E9301DACD29000CD7C59 /* Release */ = {
			isa = XCBuildConfiguration;
			buildSettings = {
				ASSETCATALOG_COMPILER_APPICON_NAME = AppIcon;
				DEVELOPMENT_TEAM = MQULN386ZC;
				INFOPLIST_FILE = DGTemplates/Info.plist;
				LD_RUNPATH_SEARCH_PATHS = "$(inherited) @executable_path/Frameworks";
				PRODUCT_BUNDLE_IDENTIFIER = com.dengladyshev.DGTemplates;
				PRODUCT_NAME = "$(TARGET_NAME)";
			};
			name = Release;
		};
/* End XCBuildConfiguration section */

/* Begin XCConfigurationList section */
		3221E9121DACD29000CD7C59 /* Build configuration list for PBXProject "DGTemplates" */ = {
			isa = XCConfigurationList;
			buildConfigurations = (
				3221E92C1DACD29000CD7C59 /* Debug */,
				3221E92D1DACD29000CD7C59 /* Release */,
			);
			defaultConfigurationIsVisible = 0;
			defaultConfigurationName = Release;
		};
		3221E92E1DACD29000CD7C59 /* Build configuration list for PBXNativeTarget "DGTemplates" */ = {
			isa = XCConfigurationList;
			buildConfigurations = (
				3221E92F1DACD29000CD7C59 /* Debug */,
				3221E9301DACD29000CD7C59 /* Release */,
			);
			defaultConfigurationIsVisible = 0;
			defaultConfigurationName = Release;
		};
/* End XCConfigurationList section */
	};
	rootObject = 3221E90F1DACD29000CD7C59 /* Project object */;
}
